// !$*UTF8*$!
{
	archiveVersion = 1;
	classes = {
	};
	objectVersion = 77;
	objects = {

/* Begin PBXBuildFile section */
		3D22DA012CCE71850062D3CD /* README in Sources */ = {isa = PBXBuildFile; fileRef = 3D22DA002CCE71810062D3CD /* README */; };
/* End PBXBuildFile section */

/* Begin PBXContainerItemProxy section */
		3DC1ED2F2CCA1CC500E22894 /* PBXContainerItemProxy */ = {
			isa = PBXContainerItemProxy;
			containerPortal = 3DC1ED102CCA1CC300E22894 /* Project object */;
			proxyType = 1;
			remoteGlobalIDString = 3DC1ED172CCA1CC300E22894;
			remoteInfo = TymeX.Q1;
		};
		3DC1ED392CCA1CC500E22894 /* PBXContainerItemProxy */ = {
			isa = PBXContainerItemProxy;
			containerPortal = 3DC1ED102CCA1CC300E22894 /* Project object */;
			proxyType = 1;
			remoteGlobalIDString = 3DC1ED172CCA1CC300E22894;
			remoteInfo = TymeX.Q1;
		};
/* End PBXContainerItemProxy section */

/* Begin PBXFileReference section */
		3D22DA002CCE71810062D3CD /* README */ = {isa = PBXFileReference; lastKnownFileType = text; path = README; sourceTree = "<group>"; };
		3DC1ED182CCA1CC300E22894 /* TymeX.Q1.app */ = {isa = PBXFileReference; explicitFileType = wrapper.application; includeInIndex = 0; path = TymeX.Q1.app; sourceTree = BUILT_PRODUCTS_DIR; };
		3DC1ED2E2CCA1CC500E22894 /* TymeX.Q1Tests.xctest */ = {isa = PBXFileReference; explicitFileType = wrapper.cfbundle; includeInIndex = 0; path = TymeX.Q1Tests.xctest; sourceTree = BUILT_PRODUCTS_DIR; };
		3DC1ED382CCA1CC500E22894 /* TymeX.Q1UITests.xctest */ = {isa = PBXFileReference; explicitFileType = wrapper.cfbundle; includeInIndex = 0; path = TymeX.Q1UITests.xctest; sourceTree = BUILT_PRODUCTS_DIR; };
/* End PBXFileReference section */

/* Begin PBXFileSystemSynchronizedBuildFileExceptionSet section */
		3DC1ED402CCA1CC500E22894 /* Exceptions for "TymeX.Q1" folder in "TymeX.Q1" target */ = {
			isa = PBXFileSystemSynchronizedBuildFileExceptionSet;
			membershipExceptions = (
				System/Info.plist,
			);
			target = 3DC1ED172CCA1CC300E22894 /* TymeX.Q1 */;
		};
/* End PBXFileSystemSynchronizedBuildFileExceptionSet section */

/* Begin PBXFileSystemSynchronizedRootGroup section */
		3D22D9FE2CCE6FF70062D3CD /* TymeX.Q2 */ = {
			isa = PBXFileSystemSynchronizedRootGroup;
			path = TymeX.Q2;
			sourceTree = "<group>";
		};
		3DC1ED1A2CCA1CC300E22894 /* TymeX.Q1 */ = {
			isa = PBXFileSystemSynchronizedRootGroup;
			exceptions = (
				3DC1ED402CCA1CC500E22894 /* Exceptions for "TymeX.Q1" folder in "TymeX.Q1" target */,
			);
			path = TymeX.Q1;
			sourceTree = "<group>";
		};
		3DC1ED312CCA1CC500E22894 /* TymeX.Q1Tests */ = {
			isa = PBXFileSystemSynchronizedRootGroup;
			path = TymeX.Q1Tests;
			sourceTree = "<group>";
		};
		3DC1ED3B2CCA1CC500E22894 /* TymeX.Q1UITests */ = {
			isa = PBXFileSystemSynchronizedRootGroup;
			path = TymeX.Q1UITests;
			sourceTree = "<group>";
		};
/* End PBXFileSystemSynchronizedRootGroup section */

/* Begin PBXFrameworksBuildPhase section */
		3DC1ED152CCA1CC300E22894 /* Frameworks */ = {
			isa = PBXFrameworksBuildPhase;
			buildActionMask = 2147483647;
			files = (
			);
			runOnlyForDeploymentPostprocessing = 0;
		};
		3DC1ED2B2CCA1CC500E22894 /* Frameworks */ = {
			isa = PBXFrameworksBuildPhase;
			buildActionMask = 2147483647;
			files = (
			);
			runOnlyForDeploymentPostprocessing = 0;
		};
		3DC1ED352CCA1CC500E22894 /* Frameworks */ = {
			isa = PBXFrameworksBuildPhase;
			buildActionMask = 2147483647;
			files = (
			);
			runOnlyForDeploymentPostprocessing = 0;
		};
/* End PBXFrameworksBuildPhase section */

/* Begin PBXGroup section */
		3DC1ED0F2CCA1CC300E22894 = {
			isa = PBXGroup;
			children = (
				3D22DA002CCE71810062D3CD /* README */,
				3D22D9FE2CCE6FF70062D3CD /* TymeX.Q2 */,
				3DC1ED1A2CCA1CC300E22894 /* TymeX.Q1 */,
				3DC1ED312CCA1CC500E22894 /* TymeX.Q1Tests */,
				3DC1ED3B2CCA1CC500E22894 /* TymeX.Q1UITests */,
				3DC1ED192CCA1CC300E22894 /* Products */,
			);
			sourceTree = "<group>";
		};
		3DC1ED192CCA1CC300E22894 /* Products */ = {
			isa = PBXGroup;
			children = (
				3DC1ED182CCA1CC300E22894 /* TymeX.Q1.app */,
				3DC1ED2E2CCA1CC500E22894 /* TymeX.Q1Tests.xctest */,
				3DC1ED382CCA1CC500E22894 /* TymeX.Q1UITests.xctest */,
			);
			name = Products;
			sourceTree = "<group>";
		};
/* End PBXGroup section */

/* Begin PBXNativeTarget section */
		3DC1ED172CCA1CC300E22894 /* TymeX.Q1 */ = {
			isa = PBXNativeTarget;
			buildConfigurationList = 3DC1ED412CCA1CC500E22894 /* Build configuration list for PBXNativeTarget "TymeX.Q1" */;
			buildPhases = (
				3DC1ED142CCA1CC300E22894 /* Sources */,
				3DC1ED152CCA1CC300E22894 /* Frameworks */,
				3DC1ED162CCA1CC300E22894 /* Resources */,
			);
			buildRules = (
			);
			dependencies = (
			);
			fileSystemSynchronizedGroups = (
				3D22D9FE2CCE6FF70062D3CD /* TymeX.Q2 */,
				3DC1ED1A2CCA1CC300E22894 /* TymeX.Q1 */,
			);
			name = TymeX.Q1;
			packageProductDependencies = (
			);
			productName = TymeX.Q1;
			productReference = 3DC1ED182CCA1CC300E22894 /* TymeX.Q1.app */;
			productType = "com.apple.product-type.application";
		};
		3DC1ED2D2CCA1CC500E22894 /* TymeX.Q1Tests */ = {
			isa = PBXNativeTarget;
			buildConfigurationList = 3DC1ED462CCA1CC500E22894 /* Build configuration list for PBXNativeTarget "TymeX.Q1Tests" */;
			buildPhases = (
				3DC1ED2A2CCA1CC500E22894 /* Sources */,
				3DC1ED2B2CCA1CC500E22894 /* Frameworks */,
				3DC1ED2C2CCA1CC500E22894 /* Resources */,
			);
			buildRules = (
			);
			dependencies = (
				3DC1ED302CCA1CC500E22894 /* PBXTargetDependency */,
			);
			fileSystemSynchronizedGroups = (
				3DC1ED312CCA1CC500E22894 /* TymeX.Q1Tests */,
			);
			name = TymeX.Q1Tests;
			packageProductDependencies = (
			);
			productName = TymeX.Q1Tests;
			productReference = 3DC1ED2E2CCA1CC500E22894 /* TymeX.Q1Tests.xctest */;
			productType = "com.apple.product-type.bundle.unit-test";
		};
		3DC1ED372CCA1CC500E22894 /* TymeX.Q1UITests */ = {
			isa = PBXNativeTarget;
			buildConfigurationList = 3DC1ED492CCA1CC500E22894 /* Build configuration list for PBXNativeTarget "TymeX.Q1UITests" */;
			buildPhases = (
				3DC1ED342CCA1CC500E22894 /* Sources */,
				3DC1ED352CCA1CC500E22894 /* Frameworks */,
				3DC1ED362CCA1CC500E22894 /* Resources */,
			);
			buildRules = (
			);
			dependencies = (
				3DC1ED3A2CCA1CC500E22894 /* PBXTargetDependency */,
			);
			fileSystemSynchronizedGroups = (
				3DC1ED3B2CCA1CC500E22894 /* TymeX.Q1UITests */,
			);
			name = TymeX.Q1UITests;
			packageProductDependencies = (
			);
			productName = TymeX.Q1UITests;
			productReference = 3DC1ED382CCA1CC500E22894 /* TymeX.Q1UITests.xctest */;
			productType = "com.apple.product-type.bundle.ui-testing";
		};
/* End PBXNativeTarget section */

/* Begin PBXProject section */
		3DC1ED102CCA1CC300E22894 /* Project object */ = {
			isa = PBXProject;
			attributes = {
				BuildIndependentTargetsInParallel = 1;
				LastSwiftUpdateCheck = 1600;
				LastUpgradeCheck = 1600;
				TargetAttributes = {
					3DC1ED172CCA1CC300E22894 = {
						CreatedOnToolsVersion = 16.0;
					};
					3DC1ED2D2CCA1CC500E22894 = {
						CreatedOnToolsVersion = 16.0;
						TestTargetID = 3DC1ED172CCA1CC300E22894;
					};
					3DC1ED372CCA1CC500E22894 = {
						CreatedOnToolsVersion = 16.0;
						TestTargetID = 3DC1ED172CCA1CC300E22894;
					};
				};
			};
			buildConfigurationList = 3DC1ED132CCA1CC300E22894 /* Build configuration list for PBXProject "TymeX.Q1" */;
			developmentRegion = en;
			hasScannedForEncodings = 0;
			knownRegions = (
				en,
				Base,
			);
			mainGroup = 3DC1ED0F2CCA1CC300E22894;
			minimizedProjectReferenceProxies = 1;
			packageReferences = (
			);
			preferredProjectObjectVersion = 77;
			productRefGroup = 3DC1ED192CCA1CC300E22894 /* Products */;
			projectDirPath = "";
			projectRoot = "";
			targets = (
				3DC1ED172CCA1CC300E22894 /* TymeX.Q1 */,
				3DC1ED2D2CCA1CC500E22894 /* TymeX.Q1Tests */,
				3DC1ED372CCA1CC500E22894 /* TymeX.Q1UITests */,
			);
		};
/* End PBXProject section */

/* Begin PBXResourcesBuildPhase section */
		3DC1ED162CCA1CC300E22894 /* Resources */ = {
			isa = PBXResourcesBuildPhase;
			buildActionMask = 2147483647;
			files = (
			);
			runOnlyForDeploymentPostprocessing = 0;
		};
		3DC1ED2C2CCA1CC500E22894 /* Resources */ = {
			isa = PBXResourcesBuildPhase;
			buildActionMask = 2147483647;
			files = (
			);
			runOnlyForDeploymentPostprocessing = 0;
		};
		3DC1ED362CCA1CC500E22894 /* Resources */ = {
			isa = PBXResourcesBuildPhase;
			buildActionMask = 2147483647;
			files = (
			);
			runOnlyForDeploymentPostprocessing = 0;
		};
/* End PBXResourcesBuildPhase section */

/* Begin PBXSourcesBuildPhase section */
		3DC1ED142CCA1CC300E22894 /* Sources */ = {
			isa = PBXSourcesBuildPhase;
			buildActionMask = 2147483647;
			files = (
				3D22DA012CCE71850062D3CD /* README in Sources */,
			);
			runOnlyForDeploymentPostprocessing = 0;
		};
		3DC1ED2A2CCA1CC500E22894 /* Sources */ = {
			isa = PBXSourcesBuildPhase;
			buildActionMask = 2147483647;
			files = (
			);
			runOnlyForDeploymentPostprocessing = 0;
		};
		3DC1ED342CCA1CC500E22894 /* Sources */ = {
			isa = PBXSourcesBuildPhase;
			buildActionMask = 2147483647;
			files = (
			);
			runOnlyForDeploymentPostprocessing = 0;
		};
/* End PBXSourcesBuildPhase section */

/* Begin PBXTargetDependency section */
		3DC1ED302CCA1CC500E22894 /* PBXTargetDependency */ = {
			isa = PBXTargetDependency;
			target = 3DC1ED172CCA1CC300E22894 /* TymeX.Q1 */;
			targetProxy = 3DC1ED2F2CCA1CC500E22894 /* PBXContainerItemProxy */;
		};
		3DC1ED3A2CCA1CC500E22894 /* PBXTargetDependency */ = {
			isa = PBXTargetDependency;
			target = 3DC1ED172CCA1CC300E22894 /* TymeX.Q1 */;
			targetProxy = 3DC1ED392CCA1CC500E22894 /* PBXContainerItemProxy */;
		};
/* End PBXTargetDependency section */

/* Begin XCBuildConfiguration section */
		3DC1ED422CCA1CC500E22894 /* Debug */ = {
			isa = XCBuildConfiguration;
			buildSettings = {
				ASSETCATALOG_COMPILER_APPICON_NAME = AppIcon;
				ASSETCATALOG_COMPILER_GLOBAL_ACCENT_COLOR_NAME = AccentColor;
				CODE_SIGN_STYLE = Automatic;
				CURRENT_PROJECT_VERSION = 1;
				DEVELOPMENT_TEAM = 68Q293A4CL;
				GENERATE_INFOPLIST_FILE = YES;
				INFOPLIST_FILE = TymeX.Q1/System/Info.plist;
				INFOPLIST_KEY_UIApplicationSupportsIndirectInputEvents = YES;
				INFOPLIST_KEY_UILaunchStoryboardName = LaunchScreen;
				INFOPLIST_KEY_UIMainStoryboardFile = Main;
				INFOPLIST_KEY_UISupportedInterfaceOrientations_iPad = "UIInterfaceOrientationPortrait UIInterfaceOrientationPortraitUpsideDown UIInterfaceOrientationLandscapeLeft UIInterfaceOrientationLandscapeRight";
				INFOPLIST_KEY_UISupportedInterfaceOrientations_iPhone = "UIInterfaceOrientationPortrait UIInterfaceOrientationPortrait UIInterfaceOrientationPortrait";
				LD_RUNPATH_SEARCH_PATHS = (
					"$(inherited)",
					"@executable_path/Frameworks",
				);
				MARKETING_VERSION = 1.0;
				PRODUCT_BUNDLE_IDENTIFIER = "-.TymeX-Q1";
				PRODUCT_NAME = "$(TARGET_NAME)";
				SWIFT_EMIT_LOC_STRINGS = YES;
				SWIFT_VERSION = 5.0;
				TARGETED_DEVICE_FAMILY = "1,2";
			};
			name = Debug;
		};
		3DC1ED432CCA1CC500E22894 /* Release */ = {
			isa = XCBuildConfiguration;
			buildSettings = {
				ASSETCATALOG_COMPILER_APPICON_NAME = AppIcon;
				ASSETCATALOG_COMPILER_GLOBAL_ACCENT_COLOR_NAME = AccentColor;
				CODE_SIGN_STYLE = Automatic;
				CURRENT_PROJECT_VERSION = 1;
				DEVELOPMENT_TEAM = 68Q293A4CL;
				GENERATE_INFOPLIST_FILE = YES;
				INFOPLIST_FILE = TymeX.Q1/System/Info.plist;
				INFOPLIST_KEY_UIApplicationSupportsIndirectInputEvents = YES;
				INFOPLIST_KEY_UILaunchStoryboardName = LaunchScreen;
				INFOPLIST_KEY_UIMainStoryboardFile = Main;
				INFOPLIST_KEY_UISupportedInterfaceOrientations_iPad = "UIInterfaceOrientationPortrait UIInterfaceOrientationPortraitUpsideDown UIInterfaceOrientationLandscapeLeft UIInterfaceOrientationLandscapeRight";
				INFOPLIST_KEY_UISupportedInterfaceOrientations_iPhone = "UIInterfaceOrientationPortrait UIInterfaceOrientationPortrait UIInterfaceOrientationPortrait";
				LD_RUNPATH_SEARCH_PATHS = (
					"$(inherited)",
					"@executable_path/Frameworks",
				);
				MARKETING_VERSION = 1.0;
				PRODUCT_BUNDLE_IDENTIFIER = "-.TymeX-Q1";
				PRODUCT_NAME = "$(TARGET_NAME)";
				SWIFT_EMIT_LOC_STRINGS = YES;
				SWIFT_VERSION = 5.0;
				TARGETED_DEVICE_FAMILY = "1,2";
			};
			name = Release;
		};
		3DC1ED442CCA1CC500E22894 /* Debug */ = {
			isa = XCBuildConfiguration;
			buildSettings = {
				ALWAYS_SEARCH_USER_PATHS = NO;
				ASSETCATALOG_COMPILER_GENERATE_SWIFT_ASSET_SYMBOL_EXTENSIONS = YES;
				CLANG_ANALYZER_NONNULL = YES;
				CLANG_ANALYZER_NUMBER_OBJECT_CONVERSION = YES_AGGRESSIVE;
				CLANG_CXX_LANGUAGE_STANDARD = "gnu++20";
				CLANG_ENABLE_MODULES = YES;
				CLANG_ENABLE_OBJC_ARC = YES;
				CLANG_ENABLE_OBJC_WEAK = YES;
				CLANG_WARN_BLOCK_CAPTURE_AUTORELEASING = YES;
				CLANG_WARN_BOOL_CONVERSION = YES;
				CLANG_WARN_COMMA = YES;
				CLANG_WARN_CONSTANT_CONVERSION = YES;
				CLANG_WARN_DEPRECATED_OBJC_IMPLEMENTATIONS = YES;
				CLANG_WARN_DIRECT_OBJC_ISA_USAGE = YES_ERROR;
				CLANG_WARN_DOCUMENTATION_COMMENTS = YES;
				CLANG_WARN_EMPTY_BODY = YES;
				CLANG_WARN_ENUM_CONVERSION = YES;
				CLANG_WARN_INFINITE_RECURSION = YES;
				CLANG_WARN_INT_CONVERSION = YES;
				CLANG_WARN_NON_LITERAL_NULL_CONVERSION = YES;
				CLANG_WARN_OBJC_IMPLICIT_RETAIN_SELF = YES;
				CLANG_WARN_OBJC_LITERAL_CONVERSION = YES;
				CLANG_WARN_OBJC_ROOT_CLASS = YES_ERROR;
				CLANG_WARN_QUOTED_INCLUDE_IN_FRAMEWORK_HEADER = YES;
				CLANG_WARN_RANGE_LOOP_ANALYSIS = YES;
				CLANG_WARN_STRICT_PROTOTYPES = YES;
				CLANG_WARN_SUSPICIOUS_MOVE = YES;
				CLANG_WARN_UNGUARDED_AVAILABILITY = YES_AGGRESSIVE;
				CLANG_WARN_UNREACHABLE_CODE = YES;
				CLANG_WARN__DUPLICATE_METHOD_MATCH = YES;
				COPY_PHASE_STRIP = NO;
				DEBUG_INFORMATION_FORMAT = dwarf;
				ENABLE_STRICT_OBJC_MSGSEND = YES;
				ENABLE_TESTABILITY = YES;
				ENABLE_USER_SCRIPT_SANDBOXING = YES;
				GCC_C_LANGUAGE_STANDARD = gnu17;
				GCC_DYNAMIC_NO_PIC = NO;
				GCC_NO_COMMON_BLOCKS = YES;
				GCC_OPTIMIZATION_LEVEL = 0;
				GCC_PREPROCESSOR_DEFINITIONS = (
					"DEBUG=1",
					"$(inherited)",
				);
				GCC_WARN_64_TO_32_BIT_CONVERSION = YES;
				GCC_WARN_ABOUT_RETURN_TYPE = YES_ERROR;
				GCC_WARN_UNDECLARED_SELECTOR = YES;
				GCC_WARN_UNINITIALIZED_AUTOS = YES_AGGRESSIVE;
				GCC_WARN_UNUSED_FUNCTION = YES;
				GCC_WARN_UNUSED_VARIABLE = YES;
				IPHONEOS_DEPLOYMENT_TARGET = 18.0;
				LOCALIZATION_PREFERS_STRING_CATALOGS = YES;
				MTL_ENABLE_DEBUG_INFO = INCLUDE_SOURCE;
				MTL_FAST_MATH = YES;
				ONLY_ACTIVE_ARCH = YES;
				SDKROOT = iphoneos;
				SWIFT_ACTIVE_COMPILATION_CONDITIONS = "DEBUG $(inherited)";
				SWIFT_OPTIMIZATION_LEVEL = "-Onone";
			};
			name = Debug;
		};
		3DC1ED452CCA1CC500E22894 /* Release */ = {
			isa = XCBuildConfiguration;
			buildSettings = {
				ALWAYS_SEARCH_USER_PATHS = NO;
				ASSETCATALOG_COMPILER_GENERATE_SWIFT_ASSET_SYMBOL_EXTENSIONS = YES;
				CLANG_ANALYZER_NONNULL = YES;
				CLANG_ANALYZER_NUMBER_OBJECT_CONVERSION = YES_AGGRESSIVE;
				CLANG_CXX_LANGUAGE_STANDARD = "gnu++20";
				CLANG_ENABLE_MODULES = YES;
				CLANG_ENABLE_OBJC_ARC = YES;
				CLANG_ENABLE_OBJC_WEAK = YES;
				CLANG_WARN_BLOCK_CAPTURE_AUTORELEASING = YES;
				CLANG_WARN_BOOL_CONVERSION = YES;
				CLANG_WARN_COMMA = YES;
				CLANG_WARN_CONSTANT_CONVERSION = YES;
				CLANG_WARN_DEPRECATED_OBJC_IMPLEMENTATIONS = YES;
				CLANG_WARN_DIRECT_OBJC_ISA_USAGE = YES_ERROR;
				CLANG_WARN_DOCUMENTATION_COMMENTS = YES;
				CLANG_WARN_EMPTY_BODY = YES;
				CLANG_WARN_ENUM_CONVERSION = YES;
				CLANG_WARN_INFINITE_RECURSION = YES;
				CLANG_WARN_INT_CONVERSION = YES;
				CLANG_WARN_NON_LITERAL_NULL_CONVERSION = YES;
				CLANG_WARN_OBJC_IMPLICIT_RETAIN_SELF = YES;
				CLANG_WARN_OBJC_LITERAL_CONVERSION = YES;
				CLANG_WARN_OBJC_ROOT_CLASS = YES_ERROR;
				CLANG_WARN_QUOTED_INCLUDE_IN_FRAMEWORK_HEADER = YES;
				CLANG_WARN_RANGE_LOOP_ANALYSIS = YES;
				CLANG_WARN_STRICT_PROTOTYPES = YES;
				CLANG_WARN_SUSPICIOUS_MOVE = YES;
				CLANG_WARN_UNGUARDED_AVAILABILITY = YES_AGGRESSIVE;
				CLANG_WARN_UNREACHABLE_CODE = YES;
				CLANG_WARN__DUPLICATE_METHOD_MATCH = YES;
				COPY_PHASE_STRIP = NO;
				DEBUG_INFORMATION_FORMAT = "dwarf-with-dsym";
				ENABLE_NS_ASSERTIONS = NO;
				ENABLE_STRICT_OBJC_MSGSEND = YES;
				ENABLE_USER_SCRIPT_SANDBOXING = YES;
				GCC_C_LANGUAGE_STANDARD = gnu17;
				GCC_NO_COMMON_BLOCKS = YES;
				GCC_WARN_64_TO_32_BIT_CONVERSION = YES;
				GCC_WARN_ABOUT_RETURN_TYPE = YES_ERROR;
				GCC_WARN_UNDECLARED_SELECTOR = YES;
				GCC_WARN_UNINITIALIZED_AUTOS = YES_AGGRESSIVE;
				GCC_WARN_UNUSED_FUNCTION = YES;
				GCC_WARN_UNUSED_VARIABLE = YES;
				IPHONEOS_DEPLOYMENT_TARGET = 18.0;
				LOCALIZATION_PREFERS_STRING_CATALOGS = YES;
				MTL_ENABLE_DEBUG_INFO = NO;
				MTL_FAST_MATH = YES;
				SDKROOT = iphoneos;
				SWIFT_COMPILATION_MODE = wholemodule;
				VALIDATE_PRODUCT = YES;
			};
			name = Release;
		};
		3DC1ED472CCA1CC500E22894 /* Debug */ = {
			isa = XCBuildConfiguration;
			buildSettings = {
				BUNDLE_LOADER = "$(TEST_HOST)";
				CODE_SIGN_STYLE = Automatic;
				CURRENT_PROJECT_VERSION = 1;
				DEVELOPMENT_TEAM = 68Q293A4CL;
				GENERATE_INFOPLIST_FILE = YES;
				IPHONEOS_DEPLOYMENT_TARGET = 18.0;
				MARKETING_VERSION = 1.0;
				PRODUCT_BUNDLE_IDENTIFIER = "-.TymeX-Q1Tests";
				PRODUCT_NAME = "$(TARGET_NAME)";
				SWIFT_EMIT_LOC_STRINGS = NO;
				SWIFT_VERSION = 5.0;
				TARGETED_DEVICE_FAMILY = "1,2";
				TEST_HOST = "$(BUILT_PRODUCTS_DIR)/TymeX.Q1.app/$(BUNDLE_EXECUTABLE_FOLDER_PATH)/TymeX.Q1";
			};
			name = Debug;
		};
		3DC1ED482CCA1CC500E22894 /* Release */ = {
			isa = XCBuildConfiguration;
			buildSettings = {
				BUNDLE_LOADER = "$(TEST_HOST)";
				CODE_SIGN_STYLE = Automatic;
				CURRENT_PROJECT_VERSION = 1;
				DEVELOPMENT_TEAM = 68Q293A4CL;
				GENERATE_INFOPLIST_FILE = YES;
				IPHONEOS_DEPLOYMENT_TARGET = 18.0;
				MARKETING_VERSION = 1.0;
				PRODUCT_BUNDLE_IDENTIFIER = "-.TymeX-Q1Tests";
				PRODUCT_NAME = "$(TARGET_NAME)";
				SWIFT_EMIT_LOC_STRINGS = NO;
				SWIFT_VERSION = 5.0;
				TARGETED_DEVICE_FAMILY = "1,2";
				TEST_HOST = "$(BUILT_PRODUCTS_DIR)/TymeX.Q1.app/$(BUNDLE_EXECUTABLE_FOLDER_PATH)/TymeX.Q1";
			};
			name = Release;
		};
		3DC1ED4A2CCA1CC500E22894 /* Debug */ = {
			isa = XCBuildConfiguration;
			buildSettings = {
				CODE_SIGN_STYLE = Automatic;
				CURRENT_PROJECT_VERSION = 1;
				DEVELOPMENT_TEAM = 68Q293A4CL;
				GENERATE_INFOPLIST_FILE = YES;
				MARKETING_VERSION = 1.0;
				PRODUCT_BUNDLE_IDENTIFIER = "-.TymeX-Q1UITests";
				PRODUCT_NAME = "$(TARGET_NAME)";
				SWIFT_EMIT_LOC_STRINGS = NO;
				SWIFT_VERSION = 5.0;
				TARGETED_DEVICE_FAMILY = "1,2";
				TEST_TARGET_NAME = TymeX.Q1;
			};
			name = Debug;
		};
		3DC1ED4B2CCA1CC500E22894 /* Release */ = {
			isa = XCBuildConfiguration;
			buildSettings = {
				CODE_SIGN_STYLE = Automatic;
				CURRENT_PROJECT_VERSION = 1;
				DEVELOPMENT_TEAM = 68Q293A4CL;
				GENERATE_INFOPLIST_FILE = YES;
				MARKETING_VERSION = 1.0;
				PRODUCT_BUNDLE_IDENTIFIER = "-.TymeX-Q1UITests";
				PRODUCT_NAME = "$(TARGET_NAME)";
				SWIFT_EMIT_LOC_STRINGS = NO;
				SWIFT_VERSION = 5.0;
				TARGETED_DEVICE_FAMILY = "1,2";
				TEST_TARGET_NAME = TymeX.Q1;
			};
			name = Release;
		};
/* End XCBuildConfiguration section */

/* Begin XCConfigurationList section */
		3DC1ED132CCA1CC300E22894 /* Build configuration list for PBXProject "TymeX.Q1" */ = {
			isa = XCConfigurationList;
			buildConfigurations = (
				3DC1ED442CCA1CC500E22894 /* Debug */,
				3DC1ED452CCA1CC500E22894 /* Release */,
			);
			defaultConfigurationIsVisible = 0;
			defaultConfigurationName = Release;
		};
		3DC1ED412CCA1CC500E22894 /* Build configuration list for PBXNativeTarget "TymeX.Q1" */ = {
			isa = XCConfigurationList;
			buildConfigurations = (
				3DC1ED422CCA1CC500E22894 /* Debug */,
				3DC1ED432CCA1CC500E22894 /* Release */,
			);
			defaultConfigurationIsVisible = 0;
			defaultConfigurationName = Release;
		};
		3DC1ED462CCA1CC500E22894 /* Build configuration list for PBXNativeTarget "TymeX.Q1Tests" */ = {
			isa = XCConfigurationList;
			buildConfigurations = (
				3DC1ED472CCA1CC500E22894 /* Debug */,
				3DC1ED482CCA1CC500E22894 /* Release */,
			);
			defaultConfigurationIsVisible = 0;
			defaultConfigurationName = Release;
		};
		3DC1ED492CCA1CC500E22894 /* Build configuration list for PBXNativeTarget "TymeX.Q1UITests" */ = {
			isa = XCConfigurationList;
			buildConfigurations = (
				3DC1ED4A2CCA1CC500E22894 /* Debug */,
				3DC1ED4B2CCA1CC500E22894 /* Release */,
			);
			defaultConfigurationIsVisible = 0;
			defaultConfigurationName = Release;
		};
/* End XCConfigurationList section */
	};
	rootObject = 3DC1ED102CCA1CC300E22894 /* Project object */;
}
